
Microsoft Visual Studio Solution File, Format Version 12.00
# Visual Studio 2012
Project("{FAE04EC0-301F-11D3-BF4B-00C04F79EFBC}") = "Risotto", "Risotto\Risotto.csproj", "{17C8DFA9-694B-405B-B446-1FD1A04BB01B}"
EndProject
Project("{FAE04EC0-301F-11D3-BF4B-00C04F79EFBC}") = "Ris.Client", "Ris.Client\Ris.Client.csproj", "{EC998FDE-EECA-4D13-82BE-E4919870463C}"
EndProject
Project("{FAE04EC0-301F-11D3-BF4B-00C04F79EFBC}") = "Ris.Data", "Ris.Data\Ris.Data.csproj", "{F3903DEA-13E5-4119-93E0-CD837776A65E}"
EndProject
Project("{FAE04EC0-301F-11D3-BF4B-00C04F79EFBC}") = "Ris.Client.WinRT", "Ris.Client.WinRT\Ris.Client.WinRT.csproj", "{57EF1650-30D1-4CB5-A9D1-3ED5646BCC95}"
EndProject
Project("{FAE04EC0-301F-11D3-BF4B-00C04F79EFBC}") = "Ris.Client.Tests", "Ris.Client.Tests\Ris.Client.Tests.csproj", "{B7F769AE-F5BC-470D-B086-1A64D5BDA5E4}"
EndProject
Project("{FAE04EC0-301F-11D3-BF4B-00C04F79EFBC}") = "RisCmd", "RisCmd\RisCmd.csproj", "{9EBBB81A-531D-4467-A312-1491F2FA0C50}"
EndProject
Global
	GlobalSection(SolutionConfigurationPlatforms) = preSolution
		Debug|Any CPU = Debug|Any CPU
		Debug|ARM = Debug|ARM
		Debug|Mixed Platforms = Debug|Mixed Platforms
		Debug|x64 = Debug|x64
		Debug|x86 = Debug|x86
		Release|Any CPU = Release|Any CPU
		Release|ARM = Release|ARM
		Release|Mixed Platforms = Release|Mixed Platforms
		Release|x64 = Release|x64
		Release|x86 = Release|x86
	EndGlobalSection
	GlobalSection(ProjectConfigurationPlatforms) = postSolution
		{17C8DFA9-694B-405B-B446-1FD1A04BB01B}.Debug|Any CPU.ActiveCfg = Debug|Any CPU
		{17C8DFA9-694B-405B-B446-1FD1A04BB01B}.Debug|Any CPU.Build.0 = Debug|Any CPU
		{17C8DFA9-694B-405B-B446-1FD1A04BB01B}.Debug|Any CPU.Deploy.0 = Debug|Any CPU
		{17C8DFA9-694B-405B-B446-1FD1A04BB01B}.Debug|ARM.ActiveCfg = Debug|ARM
		{17C8DFA9-694B-405B-B446-1FD1A04BB01B}.Debug|ARM.Build.0 = Debug|ARM
		{17C8DFA9-694B-405B-B446-1FD1A04BB01B}.Debug|ARM.Deploy.0 = Debug|ARM
		{17C8DFA9-694B-405B-B446-1FD1A04BB01B}.Debug|Mixed Platforms.ActiveCfg = Debug|x86
		{17C8DFA9-694B-405B-B446-1FD1A04BB01B}.Debug|Mixed Platforms.Build.0 = Debug|x86
		{17C8DFA9-694B-405B-B446-1FD1A04BB01B}.Debug|Mixed Platforms.Deploy.0 = Debug|x86
		{17C8DFA9-694B-405B-B446-1FD1A04BB01B}.Debug|x64.ActiveCfg = Debug|x64
		{17C8DFA9-694B-405B-B446-1FD1A04BB01B}.Debug|x64.Build.0 = Debug|x64
		{17C8DFA9-694B-405B-B446-1FD1A04BB01B}.Debug|x64.Deploy.0 = Debug|x64
		{17C8DFA9-694B-405B-B446-1FD1A04BB01B}.Debug|x86.ActiveCfg = Debug|x86
		{17C8DFA9-694B-405B-B446-1FD1A04BB01B}.Debug|x86.Build.0 = Debug|x86
		{17C8DFA9-694B-405B-B446-1FD1A04BB01B}.Debug|x86.Deploy.0 = Debug|x86
		{17C8DFA9-694B-405B-B446-1FD1A04BB01B}.Release|Any CPU.ActiveCfg = Release|Any CPU
		{17C8DFA9-694B-405B-B446-1FD1A04BB01B}.Release|Any CPU.Build.0 = Release|Any CPU
		{17C8DFA9-694B-405B-B446-1FD1A04BB01B}.Release|Any CPU.Deploy.0 = Release|Any CPU
		{17C8DFA9-694B-405B-B446-1FD1A04BB01B}.Release|ARM.ActiveCfg = Release|ARM
		{17C8DFA9-694B-405B-B446-1FD1A04BB01B}.Release|ARM.Build.0 = Release|ARM
		{17C8DFA9-694B-405B-B446-1FD1A04BB01B}.Release|ARM.Deploy.0 = Release|ARM
		{17C8DFA9-694B-405B-B446-1FD1A04BB01B}.Release|Mixed Platforms.ActiveCfg = Release|x86
		{17C8DFA9-694B-405B-B446-1FD1A04BB01B}.Release|Mixed Platforms.Build.0 = Release|x86
		{17C8DFA9-694B-405B-B446-1FD1A04BB01B}.Release|Mixed Platforms.Deploy.0 = Release|x86
		{17C8DFA9-694B-405B-B446-1FD1A04BB01B}.Release|x64.ActiveCfg = Release|x64
		{17C8DFA9-694B-405B-B446-1FD1A04BB01B}.Release|x64.Build.0 = Release|x64
		{17C8DFA9-694B-405B-B446-1FD1A04BB01B}.Release|x64.Deploy.0 = Release|x64
		{17C8DFA9-694B-405B-B446-1FD1A04BB01B}.Release|x86.ActiveCfg = Release|x86
		{17C8DFA9-694B-405B-B446-1FD1A04BB01B}.Release|x86.Build.0 = Release|x86
		{17C8DFA9-694B-405B-B446-1FD1A04BB01B}.Release|x86.Deploy.0 = Release|x86
		{EC998FDE-EECA-4D13-82BE-E4919870463C}.Debug|Any CPU.ActiveCfg = Debug|Any CPU
		{EC998FDE-EECA-4D13-82BE-E4919870463C}.Debug|Any CPU.Build.0 = Debug|Any CPU
		{EC998FDE-EECA-4D13-82BE-E4919870463C}.Debug|ARM.ActiveCfg = Debug|Any CPU
		{EC998FDE-EECA-4D13-82BE-E4919870463C}.Debug|ARM.Build.0 = Debug|Any CPU
		{EC998FDE-EECA-4D13-82BE-E4919870463C}.Debug|Mixed Platforms.ActiveCfg = Debug|Any CPU
		{EC998FDE-EECA-4D13-82BE-E4919870463C}.Debug|Mixed Platforms.Build.0 = Debug|Any CPU
		{EC998FDE-EECA-4D13-82BE-E4919870463C}.Debug|x64.ActiveCfg = Debug|Any CPU
		{EC998FDE-EECA-4D13-82BE-E4919870463C}.Debug|x64.Build.0 = Debug|Any CPU
		{EC998FDE-EECA-4D13-82BE-E4919870463C}.Debug|x86.ActiveCfg = Debug|Any CPU
		{EC998FDE-EECA-4D13-82BE-E4919870463C}.Debug|x86.Build.0 = Debug|Any CPU
		{EC998FDE-EECA-4D13-82BE-E4919870463C}.Release|Any CPU.ActiveCfg = Release|Any CPU
		{EC998FDE-EECA-4D13-82BE-E4919870463C}.Release|Any CPU.Build.0 = Release|Any CPU
		{EC998FDE-EECA-4D13-82BE-E4919870463C}.Release|ARM.ActiveCfg = Release|Any CPU
		{EC998FDE-EECA-4D13-82BE-E4919870463C}.Release|ARM.Build.0 = Release|Any CPU
		{EC998FDE-EECA-4D13-82BE-E4919870463C}.Release|Mixed Platforms.ActiveCfg = Release|Any CPU
		{EC998FDE-EECA-4D13-82BE-E4919870463C}.Release|Mixed Platforms.Build.0 = Release|Any CPU
		{EC998FDE-EECA-4D13-82BE-E4919870463C}.Release|x64.ActiveCfg = Release|Any CPU
		{EC998FDE-EECA-4D13-82BE-E4919870463C}.Release|x64.Build.0 = Release|Any CPU
		{EC998FDE-EECA-4D13-82BE-E4919870463C}.Release|x86.ActiveCfg = Release|Any CPU
		{EC998FDE-EECA-4D13-82BE-E4919870463C}.Release|x86.Build.0 = Release|Any CPU
		{F3903DEA-13E5-4119-93E0-CD837776A65E}.Debug|Any CPU.ActiveCfg = Debug|Any CPU
		{F3903DEA-13E5-4119-93E0-CD837776A65E}.Debug|Any CPU.Build.0 = Debug|Any CPU
		{F3903DEA-13E5-4119-93E0-CD837776A65E}.Debug|ARM.ActiveCfg = Debug|ARM
		{F3903DEA-13E5-4119-93E0-CD837776A65E}.Debug|ARM.Build.0 = Debug|ARM
		{F3903DEA-13E5-4119-93E0-CD837776A65E}.Debug|Mixed Platforms.ActiveCfg = Debug|x86
		{F3903DEA-13E5-4119-93E0-CD837776A65E}.Debug|Mixed Platforms.Build.0 = Debug|x86
		{F3903DEA-13E5-4119-93E0-CD837776A65E}.Debug|x64.ActiveCfg = Debug|x64
		{F3903DEA-13E5-4119-93E0-CD837776A65E}.Debug|x64.Build.0 = Debug|x64
		{F3903DEA-13E5-4119-93E0-CD837776A65E}.Debug|x86.ActiveCfg = Debug|x86
		{F3903DEA-13E5-4119-93E0-CD837776A65E}.Debug|x86.Build.0 = Debug|x86
		{F3903DEA-13E5-4119-93E0-CD837776A65E}.Release|Any CPU.ActiveCfg = Release|Any CPU
		{F3903DEA-13E5-4119-93E0-CD837776A65E}.Release|Any CPU.Build.0 = Release|Any CPU
		{F3903DEA-13E5-4119-93E0-CD837776A65E}.Release|ARM.ActiveCfg = Release|ARM
		{F3903DEA-13E5-4119-93E0-CD837776A65E}.Release|ARM.Build.0 = Release|ARM
		{F3903DEA-13E5-4119-93E0-CD837776A65E}.Release|Mixed Platforms.ActiveCfg = Release|x86
		{F3903DEA-13E5-4119-93E0-CD837776A65E}.Release|Mixed Platforms.Build.0 = Release|x86
		{F3903DEA-13E5-4119-93E0-CD837776A65E}.Release|x64.ActiveCfg = Release|x64
		{F3903DEA-13E5-4119-93E0-CD837776A65E}.Release|x64.Build.0 = Release|x64
		{F3903DEA-13E5-4119-93E0-CD837776A65E}.Release|x86.ActiveCfg = Release|x86
		{F3903DEA-13E5-4119-93E0-CD837776A65E}.Release|x86.Build.0 = Release|x86
		{57EF1650-30D1-4CB5-A9D1-3ED5646BCC95}.Debug|Any CPU.ActiveCfg = Debug|Any CPU
		{57EF1650-30D1-4CB5-A9D1-3ED5646BCC95}.Debug|Any CPU.Build.0 = Debug|Any CPU
		{57EF1650-30D1-4CB5-A9D1-3ED5646BCC95}.Debug|ARM.ActiveCfg = Debug|ARM
		{57EF1650-30D1-4CB5-A9D1-3ED5646BCC95}.Debug|ARM.Build.0 = Debug|ARM
		{57EF1650-30D1-4CB5-A9D1-3ED5646BCC95}.Debug|Mixed Platforms.ActiveCfg = Debug|x86
		{57EF1650-30D1-4CB5-A9D1-3ED5646BCC95}.Debug|Mixed Platforms.Build.0 = Debug|x86
		{57EF1650-30D1-4CB5-A9D1-3ED5646BCC95}.Debug|x64.ActiveCfg = Debug|x64
		{57EF1650-30D1-4CB5-A9D1-3ED5646BCC95}.Debug|x64.Build.0 = Debug|x64
		{57EF1650-30D1-4CB5-A9D1-3ED5646BCC95}.Debug|x86.ActiveCfg = Debug|x86
		{57EF1650-30D1-4CB5-A9D1-3ED5646BCC95}.Debug|x86.Build.0 = Debug|x86
		{57EF1650-30D1-4CB5-A9D1-3ED5646BCC95}.Release|Any CPU.ActiveCfg = Release|Any CPU
		{57EF1650-30D1-4CB5-A9D1-3ED5646BCC95}.Release|Any CPU.Build.0 = Release|Any CPU
		{57EF1650-30D1-4CB5-A9D1-3ED5646BCC95}.Release|ARM.ActiveCfg = Release|ARM
		{57EF1650-30D1-4CB5-A9D1-3ED5646BCC95}.Release|ARM.Build.0 = Release|ARM
		{57EF1650-30D1-4CB5-A9D1-3ED5646BCC95}.Release|Mixed Platforms.ActiveCfg = Release|x86
		{57EF1650-30D1-4CB5-A9D1-3ED5646BCC95}.Release|Mixed Platforms.Build.0 = Release|x86
		{57EF1650-30D1-4CB5-A9D1-3ED5646BCC95}.Release|x64.ActiveCfg = Release|x64
		{57EF1650-30D1-4CB5-A9D1-3ED5646BCC95}.Release|x64.Build.0 = Release|x64
		{57EF1650-30D1-4CB5-A9D1-3ED5646BCC95}.Release|x86.ActiveCfg = Release|x86
		{57EF1650-30D1-4CB5-A9D1-3ED5646BCC95}.Release|x86.Build.0 = Release|x86
		{B7F769AE-F5BC-470D-B086-1A64D5BDA5E4}.Debug|Any CPU.ActiveCfg = Debug|Any CPU
		{B7F769AE-F5BC-470D-B086-1A64D5BDA5E4}.Debug|Any CPU.Build.0 = Debug|Any CPU
		{B7F769AE-F5BC-470D-B086-1A64D5BDA5E4}.Debug|ARM.ActiveCfg = Debug|Any CPU
		{B7F769AE-F5BC-470D-B086-1A64D5BDA5E4}.Debug|Mixed Platforms.ActiveCfg = Debug|Any CPU
		{B7F769AE-F5BC-470D-B086-1A64D5BDA5E4}.Debug|Mixed Platforms.Build.0 = Debug|Any CPU
		{B7F769AE-F5BC-470D-B086-1A64D5BDA5E4}.Debug|x64.ActiveCfg = Debug|Any CPU
		{B7F769AE-F5BC-470D-B086-1A64D5BDA5E4}.Debug|x86.ActiveCfg = Debug|Any CPU
		{B7F769AE-F5BC-470D-B086-1A64D5BDA5E4}.Release|Any CPU.ActiveCfg = Release|Any CPU
		{B7F769AE-F5BC-470D-B086-1A64D5BDA5E4}.Release|Any CPU.Build.0 = Release|Any CPU
		{B7F769AE-F5BC-470D-B086-1A64D5BDA5E4}.Release|ARM.ActiveCfg = Release|Any CPU
		{B7F769AE-F5BC-470D-B086-1A64D5BDA5E4}.Release|Mixed Platforms.ActiveCfg = Release|Any CPU
		{B7F769AE-F5BC-470D-B086-1A64D5BDA5E4}.Release|Mixed Platforms.Build.0 = Release|Any CPU
		{B7F769AE-F5BC-470D-B086-1A64D5BDA5E4}.Release|x64.ActiveCfg = Release|Any CPU
		{B7F769AE-F5BC-470D-B086-1A64D5BDA5E4}.Release|x86.ActiveCfg = Release|Any CPU
		{9EBBB81A-531D-4467-A312-1491F2FA0C50}.Debug|Any CPU.ActiveCfg = Debug|Any CPU
		{9EBBB81A-531D-4467-A312-1491F2FA0C50}.Debug|Any CPU.Build.0 = Debug|Any CPU
		{9EBBB81A-531D-4467-A312-1491F2FA0C50}.Debug|ARM.ActiveCfg = Debug|Any CPU
		{9EBBB81A-531D-4467-A312-1491F2FA0C50}.Debug|Mixed Platforms.ActiveCfg = Debug|Any CPU
		{9EBBB81A-531D-4467-A312-1491F2FA0C50}.Debug|Mixed Platforms.Build.0 = Debug|Any CPU
		{9EBBB81A-531D-4467-A312-1491F2FA0C50}.Debug|x64.ActiveCfg = Debug|Any CPU
		{9EBBB81A-531D-4467-A312-1491F2FA0C50}.Debug|x86.ActiveCfg = Debug|Any CPU
		{9EBBB81A-531D-4467-A312-1491F2FA0C50}.Release|Any CPU.ActiveCfg = Release|Any CPU
		{9EBBB81A-531D-4467-A312-1491F2FA0C50}.Release|Any CPU.Build.0 = Release|Any CPU
		{9EBBB81A-531D-4467-A312-1491F2FA0C50}.Release|ARM.ActiveCfg = Release|Any CPU
		{9EBBB81A-531D-4467-A312-1491F2FA0C50}.Release|Mixed Platforms.ActiveCfg = Release|Any CPU
		{9EBBB81A-531D-4467-A312-1491F2FA0C50}.Release|Mixed Platforms.Build.0 = Release|Any CPU
		{9EBBB81A-531D-4467-A312-1491F2FA0C50}.Release|x64.ActiveCfg = Release|Any CPU
		{9EBBB81A-531D-4467-A312-1491F2FA0C50}.Release|x86.ActiveCfg = Release|Any CPU
	EndGlobalSection
	GlobalSection(SolutionProperties) = preSolution
		HideSolutionNode = FALSE
	EndGlobalSection
EndGlobal
